
Microsoft Visual Studio Solution File, Format Version 12.00
# Visual Studio Version 17
VisualStudioVersion = 17.0.31903.59
MinimumVisualStudioVersion = 10.0.40219.1
Project("{FAE04EC0-301F-11D3-BF4B-00C04F79EFBC}") = "BriansBrainLab.Domain", "BriansBrainLab.Domain\BriansBrainLab.Domain.csproj", "{8957274E-6830-41D1-82EC-7E2A05139731}"
EndProject
Project("{FAE04EC0-301F-11D3-BF4B-00C04F79EFBC}") = "BriansBrainlab.Shared", "BriansBrainlab.Shared\BriansBrainlab.Shared.csproj", "{6AE0BB68-A107-47B9-90C4-D906DD9B1258}"
EndProject
Project("{FAE04EC0-301F-11D3-BF4B-00C04F79EFBC}") = "BriansBrainlab.Aspire", "BriansBrainlab.Aspire\BriansBrainlab.Aspire.csproj", "{87F8296B-FE5F-45CB-90D2-ED5A1E964E32}"
EndProject
Project("{FAE04EC0-301F-11D3-BF4B-00C04F79EFBC}") = "BriansBrainlab.Features", "BriansBrainlab.Features\BriansBrainlab.Features.csproj", "{2E03AA4B-9F87-409C-A7D1-C3BD0EFFA4B1}"
EndProject
Project("{FAE04EC0-301F-11D3-BF4B-00C04F79EFBC}") = "BriansBrainlab.Api", "BriansBrainlab.Api\BriansBrainlab.Api.csproj", "{3AA66002-0B77-4664-A9C2-AE5686392A38}"
EndProject
Global
	GlobalSection(SolutionConfigurationPlatforms) = preSolution
		Debug|Any CPU = Debug|Any CPU
		Release|Any CPU = Release|Any CPU
	EndGlobalSection
	GlobalSection(SolutionProperties) = preSolution
		HideSolutionNode = FALSE
	EndGlobalSection
	GlobalSection(ProjectConfigurationPlatforms) = postSolution
		{8957274E-6830-41D1-82EC-7E2A05139731}.Debug|Any CPU.ActiveCfg = Debug|Any CPU
		{8957274E-6830-41D1-82EC-7E2A05139731}.Debug|Any CPU.Build.0 = Debug|Any CPU
		{8957274E-6830-41D1-82EC-7E2A05139731}.Release|Any CPU.ActiveCfg = Release|Any CPU
		{8957274E-6830-41D1-82EC-7E2A05139731}.Release|Any CPU.Build.0 = Release|Any CPU
		{6AE0BB68-A107-47B9-90C4-D906DD9B1258}.Debug|Any CPU.ActiveCfg = Debug|Any CPU
		{6AE0BB68-A107-47B9-90C4-D906DD9B1258}.Debug|Any CPU.Build.0 = Debug|Any CPU
		{6AE0BB68-A107-47B9-90C4-D906DD9B1258}.Release|Any CPU.ActiveCfg = Release|Any CPU
		{6AE0BB68-A107-47B9-90C4-D906DD9B1258}.Release|Any CPU.Build.0 = Release|Any CPU
		{87F8296B-FE5F-45CB-90D2-ED5A1E964E32}.Debug|Any CPU.ActiveCfg = Debug|Any CPU
		{87F8296B-FE5F-45CB-90D2-ED5A1E964E32}.Debug|Any CPU.Build.0 = Debug|Any CPU
		{87F8296B-FE5F-45CB-90D2-ED5A1E964E32}.Release|Any CPU.ActiveCfg = Release|Any CPU
		{87F8296B-FE5F-45CB-90D2-ED5A1E964E32}.Release|Any CPU.Build.0 = Release|Any CPU
		{2E03AA4B-9F87-409C-A7D1-C3BD0EFFA4B1}.Debug|Any CPU.ActiveCfg = Debug|Any CPU
		{2E03AA4B-9F87-409C-A7D1-C3BD0EFFA4B1}.Debug|Any CPU.Build.0 = Debug|Any CPU
		{2E03AA4B-9F87-409C-A7D1-C3BD0EFFA4B1}.Release|Any CPU.ActiveCfg = Release|Any CPU
		{2E03AA4B-9F87-409C-A7D1-C3BD0EFFA4B1}.Release|Any CPU.Build.0 = Release|Any CPU
		{3AA66002-0B77-4664-A9C2-AE5686392A38}.Debug|Any CPU.ActiveCfg = Debug|Any CPU
		{3AA66002-0B77-4664-A9C2-AE5686392A38}.Debug|Any CPU.Build.0 = Debug|Any CPU
		{3AA66002-0B77-4664-A9C2-AE5686392A38}.Release|Any CPU.ActiveCfg = Release|Any CPU
		{3AA66002-0B77-4664-A9C2-AE5686392A38}.Release|Any CPU.Build.0 = Release|Any CPU
	EndGlobalSection
EndGlobal
