// !$*UTF8*$!
{
	archiveVersion = 1;
	classes = {
	};
	objectVersion = 77;
	objects = {

/* Begin PBXBuildFile section */
		A6C49A0D2D01E49A00C2C5DB /* Mammut in Frameworks */ = {isa = PBXBuildFile; productRef = A6C49A0C2D01E49A00C2C5DB /* Mammut */; };
		A6C49A0F2D01E4A100C2C5DB /* Mammut in Frameworks */ = {isa = PBXBuildFile; productRef = A6C49A0E2D01E4A100C2C5DB /* Mammut */; };
		FC0B67782D01A6A900914B5A /* SwiftChameleon in Frameworks */ = {isa = PBXBuildFile; productRef = FC0B67772D01A6A900914B5A /* SwiftChameleon */; };
		FC73EB492D01E0EF00A5D982 /* KeychainSwift in Frameworks */ = {isa = PBXBuildFile; productRef = FC73EB482D01E0EF00A5D982 /* KeychainSwift */; };
		FC9AA2B02CFE5E5A007D770B /* Routing in Frameworks */ = {isa = PBXBuildFile; productRef = FC9AA2AF2CFE5E5A007D770B /* Routing */; };
/* End PBXBuildFile section */

/* Begin PBXFileReference section */
		A6C499EA2D01E39000C2C5DB /* Test.xctest */ = {isa = PBXFileReference; explicitFileType = wrapper.cfbundle; includeInIndex = 0; path = Test.xctest; sourceTree = BUILT_PRODUCTS_DIR; };
		FC54DAE62CFDDF0B00024A46 /* HirnOderHumbug.app */ = {isa = PBXFileReference; explicitFileType = wrapper.application; includeInIndex = 0; path = HirnOderHumbug.app; sourceTree = BUILT_PRODUCTS_DIR; };
/* End PBXFileReference section */

/* Begin PBXFileSystemSynchronizedBuildFileExceptionSet section */
		FCA3D5382CFF54B500AD52ED /* Exceptions for "HirnOderHumbug" folder in "HirnOderHumbug" target */ = {
			isa = PBXFileSystemSynchronizedBuildFileExceptionSet;
			membershipExceptions = (
				Info.plist,
			);
			target = FC54DAE52CFDDF0B00024A46 /* HirnOderHumbug */;
		};
/* End PBXFileSystemSynchronizedBuildFileExceptionSet section */

/* Begin PBXFileSystemSynchronizedRootGroup section */
		A6C499EB2D01E39000C2C5DB /* Test */ = {
			isa = PBXFileSystemSynchronizedRootGroup;
			path = Test;
			sourceTree = "<group>";
		};
		FC54DAE82CFDDF0B00024A46 /* HirnOderHumbug */ = {
			isa = PBXFileSystemSynchronizedRootGroup;
			exceptions = (
				FCA3D5382CFF54B500AD52ED /* Exceptions for "HirnOderHumbug" folder in "HirnOderHumbug" target */,
			);
			path = HirnOderHumbug;
			sourceTree = "<group>";
		};
/* End PBXFileSystemSynchronizedRootGroup section */

/* Begin PBXFrameworksBuildPhase section */
		A6C499E72D01E39000C2C5DB /* Frameworks */ = {
			isa = PBXFrameworksBuildPhase;
			buildActionMask = 2147483647;
			files = (
				A6C49A0F2D01E4A100C2C5DB /* Mammut in Frameworks */,
			);
			runOnlyForDeploymentPostprocessing = 0;
		};
		FC54DAE32CFDDF0B00024A46 /* Frameworks */ = {
			isa = PBXFrameworksBuildPhase;
			buildActionMask = 2147483647;
			files = (
				FC73EB492D01E0EF00A5D982 /* KeychainSwift in Frameworks */,
				FC9AA2B02CFE5E5A007D770B /* Routing in Frameworks */,
				FC0B67782D01A6A900914B5A /* SwiftChameleon in Frameworks */,
				A6C49A0D2D01E49A00C2C5DB /* Mammut in Frameworks */,
			);
			runOnlyForDeploymentPostprocessing = 0;
		};
/* End PBXFrameworksBuildPhase section */

/* Begin PBXGroup section */
		FC54DADD2CFDDF0B00024A46 = {
			isa = PBXGroup;
			children = (
				FC54DAE82CFDDF0B00024A46 /* HirnOderHumbug */,
				A6C499EB2D01E39000C2C5DB /* Test */,
				FC54DAE72CFDDF0B00024A46 /* Products */,
			);
			sourceTree = "<group>";
		};
		FC54DAE72CFDDF0B00024A46 /* Products */ = {
			isa = PBXGroup;
			children = (
				FC54DAE62CFDDF0B00024A46 /* HirnOderHumbug.app */,
				A6C499EA2D01E39000C2C5DB /* Test.xctest */,
			);
			name = Products;
			sourceTree = "<group>";
		};
/* End PBXGroup section */

/* Begin PBXNativeTarget section */
		A6C499E92D01E39000C2C5DB /* Test */ = {
			isa = PBXNativeTarget;
			buildConfigurationList = A6C499EE2D01E39000C2C5DB /* Build configuration list for PBXNativeTarget "Test" */;
			buildPhases = (
				A6C499E62D01E39000C2C5DB /* Sources */,
				A6C499E72D01E39000C2C5DB /* Frameworks */,
				A6C499E82D01E39000C2C5DB /* Resources */,
			);
			buildRules = (
			);
			dependencies = (
			);
			fileSystemSynchronizedGroups = (
				A6C499EB2D01E39000C2C5DB /* Test */,
			);
			name = Test;
			packageProductDependencies = (
				A6C49A0E2D01E4A100C2C5DB /* Mammut */,
			);
			productName = Test;
			productReference = A6C499EA2D01E39000C2C5DB /* Test.xctest */;
			productType = "com.apple.product-type.bundle.unit-test";
		};
		FC54DAE52CFDDF0B00024A46 /* HirnOderHumbug */ = {
			isa = PBXNativeTarget;
			buildConfigurationList = FC54DAF42CFDDF0C00024A46 /* Build configuration list for PBXNativeTarget "HirnOderHumbug" */;
			buildPhases = (
				FC54DAE22CFDDF0B00024A46 /* Sources */,
				FC54DAE32CFDDF0B00024A46 /* Frameworks */,
				FC54DAE42CFDDF0B00024A46 /* Resources */,
			);
			buildRules = (
			);
			dependencies = (
			);
			fileSystemSynchronizedGroups = (
				FC54DAE82CFDDF0B00024A46 /* HirnOderHumbug */,
			);
			name = HirnOderHumbug;
			packageProductDependencies = (
				FC9AA2AF2CFE5E5A007D770B /* Routing */,
				FC0B67772D01A6A900914B5A /* SwiftChameleon */,
				A6C49A0C2D01E49A00C2C5DB /* Mammut */,
				FC73EB482D01E0EF00A5D982 /* KeychainSwift */,
			);
			productName = HirnOderHumbug;
			productReference = FC54DAE62CFDDF0B00024A46 /* HirnOderHumbug.app */;
			productType = "com.apple.product-type.application";
		};
/* End PBXNativeTarget section */

/* Begin PBXProject section */
		FC54DADE2CFDDF0B00024A46 /* Project object */ = {
			isa = PBXProject;
			attributes = {
				BuildIndependentTargetsInParallel = 1;
				LastSwiftUpdateCheck = 1610;
				LastUpgradeCheck = 1610;
				TargetAttributes = {
					A6C499E92D01E39000C2C5DB = {
						CreatedOnToolsVersion = 16.1;
					};
					FC54DAE52CFDDF0B00024A46 = {
						CreatedOnToolsVersion = 16.1;
					};
				};
			};
			buildConfigurationList = FC54DAE12CFDDF0B00024A46 /* Build configuration list for PBXProject "HirnOderHumbug" */;
			developmentRegion = en;
			hasScannedForEncodings = 0;
			knownRegions = (
				en,
				Base,
			);
			mainGroup = FC54DADD2CFDDF0B00024A46;
			minimizedProjectReferenceProxies = 1;
			packageReferences = (
				FC9AA2AE2CFE5E5A007D770B /* XCRemoteSwiftPackageReference "Routing" */,
				FC0B67762D01A6A900914B5A /* XCRemoteSwiftPackageReference "SwiftChameleon" */,
				A6C49A0B2D01E49A00C2C5DB /* XCRemoteSwiftPackageReference "Mammut" */,
				FC73EB472D01E0EF00A5D982 /* XCRemoteSwiftPackageReference "keychain-swift" */,
			);
			preferredProjectObjectVersion = 77;
			productRefGroup = FC54DAE72CFDDF0B00024A46 /* Products */;
			projectDirPath = "";
			projectRoot = "";
			targets = (
				FC54DAE52CFDDF0B00024A46 /* HirnOderHumbug */,
				A6C499E92D01E39000C2C5DB /* Test */,
			);
		};
/* End PBXProject section */

/* Begin PBXResourcesBuildPhase section */
		A6C499E82D01E39000C2C5DB /* Resources */ = {
			isa = PBXResourcesBuildPhase;
			buildActionMask = 2147483647;
			files = (
			);
			runOnlyForDeploymentPostprocessing = 0;
		};
		FC54DAE42CFDDF0B00024A46 /* Resources */ = {
			isa = PBXResourcesBuildPhase;
			buildActionMask = 2147483647;
			files = (
			);
			runOnlyForDeploymentPostprocessing = 0;
		};
/* End PBXResourcesBuildPhase section */

/* Begin PBXSourcesBuildPhase section */
		A6C499E62D01E39000C2C5DB /* Sources */ = {
			isa = PBXSourcesBuildPhase;
			buildActionMask = 2147483647;
			files = (
			);
			runOnlyForDeploymentPostprocessing = 0;
		};
		FC54DAE22CFDDF0B00024A46 /* Sources */ = {
			isa = PBXSourcesBuildPhase;
			buildActionMask = 2147483647;
			files = (
			);
			runOnlyForDeploymentPostprocessing = 0;
		};
/* End PBXSourcesBuildPhase section */

/* Begin XCBuildConfiguration section */
		A6C499EF2D01E39000C2C5DB /* Debug */ = {
			isa = XCBuildConfiguration;
			buildSettings = {
				CODE_SIGN_STYLE = Automatic;
				CURRENT_PROJECT_VERSION = 1;
				DEVELOPMENT_TEAM = 68YWPYV749;
				GENERATE_INFOPLIST_FILE = YES;
				MACOSX_DEPLOYMENT_TARGET = 15.1;
				MARKETING_VERSION = 1.0;
				PRODUCT_BUNDLE_IDENTIFIER = io.zwicker.Test;
				PRODUCT_NAME = "$(TARGET_NAME)";
				SDKROOT = macosx;
				SWIFT_EMIT_LOC_STRINGS = NO;
				SWIFT_VERSION = 5.0;
			};
			name = Debug;
		};
		A6C499F02D01E39000C2C5DB /* Release */ = {
			isa = XCBuildConfiguration;
			buildSettings = {
				CODE_SIGN_STYLE = Automatic;
				CURRENT_PROJECT_VERSION = 1;
				DEVELOPMENT_TEAM = 68YWPYV749;
				GENERATE_INFOPLIST_FILE = YES;
				MACOSX_DEPLOYMENT_TARGET = 15.1;
				MARKETING_VERSION = 1.0;
				PRODUCT_BUNDLE_IDENTIFIER = io.zwicker.Test;
				PRODUCT_NAME = "$(TARGET_NAME)";
				SDKROOT = macosx;
				SWIFT_EMIT_LOC_STRINGS = NO;
				SWIFT_VERSION = 5.0;
			};
			name = Release;
		};
		FC54DAF22CFDDF0C00024A46 /* Debug */ = {
			isa = XCBuildConfiguration;
			buildSettings = {
				ALWAYS_SEARCH_USER_PATHS = NO;
				ASSETCATALOG_COMPILER_GENERATE_SWIFT_ASSET_SYMBOL_EXTENSIONS = YES;
				CLANG_ANALYZER_NONNULL = YES;
				CLANG_ANALYZER_NUMBER_OBJECT_CONVERSION = YES_AGGRESSIVE;
				CLANG_CXX_LANGUAGE_STANDARD = "gnu++20";
				CLANG_ENABLE_MODULES = YES;
				CLANG_ENABLE_OBJC_ARC = YES;
				CLANG_ENABLE_OBJC_WEAK = YES;
				CLANG_WARN_BLOCK_CAPTURE_AUTORELEASING = YES;
				CLANG_WARN_BOOL_CONVERSION = YES;
				CLANG_WARN_COMMA = YES;
				CLANG_WARN_CONSTANT_CONVERSION = YES;
				CLANG_WARN_DEPRECATED_OBJC_IMPLEMENTATIONS = YES;
				CLANG_WARN_DIRECT_OBJC_ISA_USAGE = YES_ERROR;
				CLANG_WARN_DOCUMENTATION_COMMENTS = YES;
				CLANG_WARN_EMPTY_BODY = YES;
				CLANG_WARN_ENUM_CONVERSION = YES;
				CLANG_WARN_INFINITE_RECURSION = YES;
				CLANG_WARN_INT_CONVERSION = YES;
				CLANG_WARN_NON_LITERAL_NULL_CONVERSION = YES;
				CLANG_WARN_OBJC_IMPLICIT_RETAIN_SELF = YES;
				CLANG_WARN_OBJC_LITERAL_CONVERSION = YES;
				CLANG_WARN_OBJC_ROOT_CLASS = YES_ERROR;
				CLANG_WARN_QUOTED_INCLUDE_IN_FRAMEWORK_HEADER = YES;
				CLANG_WARN_RANGE_LOOP_ANALYSIS = YES;
				CLANG_WARN_STRICT_PROTOTYPES = YES;
				CLANG_WARN_SUSPICIOUS_MOVE = YES;
				CLANG_WARN_UNGUARDED_AVAILABILITY = YES_AGGRESSIVE;
				CLANG_WARN_UNREACHABLE_CODE = YES;
				CLANG_WARN__DUPLICATE_METHOD_MATCH = YES;
				COPY_PHASE_STRIP = NO;
				DEBUG_INFORMATION_FORMAT = dwarf;
				ENABLE_STRICT_OBJC_MSGSEND = YES;
				ENABLE_TESTABILITY = YES;
				ENABLE_USER_SCRIPT_SANDBOXING = YES;
				GCC_C_LANGUAGE_STANDARD = gnu17;
				GCC_DYNAMIC_NO_PIC = NO;
				GCC_NO_COMMON_BLOCKS = YES;
				GCC_OPTIMIZATION_LEVEL = 0;
				GCC_PREPROCESSOR_DEFINITIONS = (
					"DEBUG=1",
					"$(inherited)",
				);
				GCC_WARN_64_TO_32_BIT_CONVERSION = YES;
				GCC_WARN_ABOUT_RETURN_TYPE = YES_ERROR;
				GCC_WARN_UNDECLARED_SELECTOR = YES;
				GCC_WARN_UNINITIALIZED_AUTOS = YES_AGGRESSIVE;
				GCC_WARN_UNUSED_FUNCTION = YES;
				GCC_WARN_UNUSED_VARIABLE = YES;
				IPHONEOS_DEPLOYMENT_TARGET = 18.1;
				LOCALIZATION_PREFERS_STRING_CATALOGS = YES;
				MTL_ENABLE_DEBUG_INFO = INCLUDE_SOURCE;
				MTL_FAST_MATH = YES;
				ONLY_ACTIVE_ARCH = YES;
				SDKROOT = iphoneos;
				SWIFT_ACTIVE_COMPILATION_CONDITIONS = "DEBUG $(inherited)";
				SWIFT_OPTIMIZATION_LEVEL = "-Onone";
			};
			name = Debug;
		};
		FC54DAF32CFDDF0C00024A46 /* Release */ = {
			isa = XCBuildConfiguration;
			buildSettings = {
				ALWAYS_SEARCH_USER_PATHS = NO;
				ASSETCATALOG_COMPILER_GENERATE_SWIFT_ASSET_SYMBOL_EXTENSIONS = YES;
				CLANG_ANALYZER_NONNULL = YES;
				CLANG_ANALYZER_NUMBER_OBJECT_CONVERSION = YES_AGGRESSIVE;
				CLANG_CXX_LANGUAGE_STANDARD = "gnu++20";
				CLANG_ENABLE_MODULES = YES;
				CLANG_ENABLE_OBJC_ARC = YES;
				CLANG_ENABLE_OBJC_WEAK = YES;
				CLANG_WARN_BLOCK_CAPTURE_AUTORELEASING = YES;
				CLANG_WARN_BOOL_CONVERSION = YES;
				CLANG_WARN_COMMA = YES;
				CLANG_WARN_CONSTANT_CONVERSION = YES;
				CLANG_WARN_DEPRECATED_OBJC_IMPLEMENTATIONS = YES;
				CLANG_WARN_DIRECT_OBJC_ISA_USAGE = YES_ERROR;
				CLANG_WARN_DOCUMENTATION_COMMENTS = YES;
				CLANG_WARN_EMPTY_BODY = YES;
				CLANG_WARN_ENUM_CONVERSION = YES;
				CLANG_WARN_INFINITE_RECURSION = YES;
				CLANG_WARN_INT_CONVERSION = YES;
				CLANG_WARN_NON_LITERAL_NULL_CONVERSION = YES;
				CLANG_WARN_OBJC_IMPLICIT_RETAIN_SELF = YES;
				CLANG_WARN_OBJC_LITERAL_CONVERSION = YES;
				CLANG_WARN_OBJC_ROOT_CLASS = YES_ERROR;
				CLANG_WARN_QUOTED_INCLUDE_IN_FRAMEWORK_HEADER = YES;
				CLANG_WARN_RANGE_LOOP_ANALYSIS = YES;
				CLANG_WARN_STRICT_PROTOTYPES = YES;
				CLANG_WARN_SUSPICIOUS_MOVE = YES;
				CLANG_WARN_UNGUARDED_AVAILABILITY = YES_AGGRESSIVE;
				CLANG_WARN_UNREACHABLE_CODE = YES;
				CLANG_WARN__DUPLICATE_METHOD_MATCH = YES;
				COPY_PHASE_STRIP = NO;
				DEBUG_INFORMATION_FORMAT = "dwarf-with-dsym";
				ENABLE_NS_ASSERTIONS = NO;
				ENABLE_STRICT_OBJC_MSGSEND = YES;
				ENABLE_USER_SCRIPT_SANDBOXING = YES;
				GCC_C_LANGUAGE_STANDARD = gnu17;
				GCC_NO_COMMON_BLOCKS = YES;
				GCC_WARN_64_TO_32_BIT_CONVERSION = YES;
				GCC_WARN_ABOUT_RETURN_TYPE = YES_ERROR;
				GCC_WARN_UNDECLARED_SELECTOR = YES;
				GCC_WARN_UNINITIALIZED_AUTOS = YES_AGGRESSIVE;
				GCC_WARN_UNUSED_FUNCTION = YES;
				GCC_WARN_UNUSED_VARIABLE = YES;
				IPHONEOS_DEPLOYMENT_TARGET = 18.1;
				LOCALIZATION_PREFERS_STRING_CATALOGS = YES;
				MTL_ENABLE_DEBUG_INFO = NO;
				MTL_FAST_MATH = YES;
				SDKROOT = iphoneos;
				SWIFT_COMPILATION_MODE = wholemodule;
				VALIDATE_PRODUCT = YES;
			};
			name = Release;
		};
		FC54DAF52CFDDF0C00024A46 /* Debug */ = {
			isa = XCBuildConfiguration;
			buildSettings = {
				ASSETCATALOG_COMPILER_APPICON_NAME = AppIcon;
				ASSETCATALOG_COMPILER_GLOBAL_ACCENT_COLOR_NAME = AccentColor;
				CODE_SIGN_STYLE = Automatic;
				CURRENT_PROJECT_VERSION = 1;
				DEVELOPMENT_ASSET_PATHS = "\"HirnOderHumbug/Preview Content\"";
				DEVELOPMENT_TEAM = 68YWPYV749;
				ENABLE_PREVIEWS = YES;
				GENERATE_INFOPLIST_FILE = YES;
				INFOPLIST_FILE = HirnOderHumbug/Info.plist;
				INFOPLIST_KEY_CFBundleDisplayName = TrickyTruth;
				INFOPLIST_KEY_UIApplicationSceneManifest_Generation = YES;
				INFOPLIST_KEY_UIApplicationSupportsIndirectInputEvents = YES;
				INFOPLIST_KEY_UILaunchScreen_Generation = YES;
				INFOPLIST_KEY_UISupportedInterfaceOrientations_iPad = "UIInterfaceOrientationPortrait UIInterfaceOrientationPortraitUpsideDown UIInterfaceOrientationLandscapeLeft UIInterfaceOrientationLandscapeRight";
				INFOPLIST_KEY_UISupportedInterfaceOrientations_iPhone = "UIInterfaceOrientationPortrait UIInterfaceOrientationLandscapeLeft UIInterfaceOrientationLandscapeRight";
				IPHONEOS_DEPLOYMENT_TARGET = 18.0;
				LD_RUNPATH_SEARCH_PATHS = (
					"$(inherited)",
					"@executable_path/Frameworks",
				);
				MARKETING_VERSION = 1.0;
				PRODUCT_BUNDLE_IDENTIFIER = io.zwicker.HirnOderHumbug;
				PRODUCT_NAME = "$(TARGET_NAME)";
				SWIFT_EMIT_LOC_STRINGS = YES;
				SWIFT_VERSION = 5.0;
				TARGETED_DEVICE_FAMILY = "1,2";
			};
			name = Debug;
		};
		FC54DAF62CFDDF0C00024A46 /* Release */ = {
			isa = XCBuildConfiguration;
			buildSettings = {
				ASSETCATALOG_COMPILER_APPICON_NAME = AppIcon;
				ASSETCATALOG_COMPILER_GLOBAL_ACCENT_COLOR_NAME = AccentColor;
				CODE_SIGN_STYLE = Automatic;
				CURRENT_PROJECT_VERSION = 1;
				DEVELOPMENT_ASSET_PATHS = "\"HirnOderHumbug/Preview Content\"";
				DEVELOPMENT_TEAM = 68YWPYV749;
				ENABLE_PREVIEWS = YES;
				GENERATE_INFOPLIST_FILE = YES;
				INFOPLIST_FILE = HirnOderHumbug/Info.plist;
				INFOPLIST_KEY_CFBundleDisplayName = TrickyTruth;
				INFOPLIST_KEY_UIApplicationSceneManifest_Generation = YES;
				INFOPLIST_KEY_UIApplicationSupportsIndirectInputEvents = YES;
				INFOPLIST_KEY_UILaunchScreen_Generation = YES;
				INFOPLIST_KEY_UISupportedInterfaceOrientations_iPad = "UIInterfaceOrientationPortrait UIInterfaceOrientationPortraitUpsideDown UIInterfaceOrientationLandscapeLeft UIInterfaceOrientationLandscapeRight";
				INFOPLIST_KEY_UISupportedInterfaceOrientations_iPhone = "UIInterfaceOrientationPortrait UIInterfaceOrientationLandscapeLeft UIInterfaceOrientationLandscapeRight";
				IPHONEOS_DEPLOYMENT_TARGET = 18.0;
				LD_RUNPATH_SEARCH_PATHS = (
					"$(inherited)",
					"@executable_path/Frameworks",
				);
				MARKETING_VERSION = 1.0;
				PRODUCT_BUNDLE_IDENTIFIER = io.zwicker.HirnOderHumbug;
				PRODUCT_NAME = "$(TARGET_NAME)";
				SWIFT_EMIT_LOC_STRINGS = YES;
				SWIFT_VERSION = 5.0;
				TARGETED_DEVICE_FAMILY = "1,2";
			};
			name = Release;
		};
/* End XCBuildConfiguration section */

/* Begin XCConfigurationList section */
		A6C499EE2D01E39000C2C5DB /* Build configuration list for PBXNativeTarget "Test" */ = {
			isa = XCConfigurationList;
			buildConfigurations = (
				A6C499EF2D01E39000C2C5DB /* Debug */,
				A6C499F02D01E39000C2C5DB /* Release */,
			);
			defaultConfigurationIsVisible = 0;
			defaultConfigurationName = Release;
		};
		FC54DAE12CFDDF0B00024A46 /* Build configuration list for PBXProject "HirnOderHumbug" */ = {
			isa = XCConfigurationList;
			buildConfigurations = (
				FC54DAF22CFDDF0C00024A46 /* Debug */,
				FC54DAF32CFDDF0C00024A46 /* Release */,
			);
			defaultConfigurationIsVisible = 0;
			defaultConfigurationName = Release;
		};
		FC54DAF42CFDDF0C00024A46 /* Build configuration list for PBXNativeTarget "HirnOderHumbug" */ = {
			isa = XCConfigurationList;
			buildConfigurations = (
				FC54DAF52CFDDF0C00024A46 /* Debug */,
				FC54DAF62CFDDF0C00024A46 /* Release */,
			);
			defaultConfigurationIsVisible = 0;
			defaultConfigurationName = Release;
		};
/* End XCConfigurationList section */

/* Begin XCRemoteSwiftPackageReference section */
		A6C49A0B2D01E49A00C2C5DB /* XCRemoteSwiftPackageReference "Mammut" */ = {
			isa = XCRemoteSwiftPackageReference;
			repositoryURL = "https://github.com/simon-zwicker/Mammut";
			requirement = {
				branch = main;
				kind = branch;
			};
		};
		FC0B67762D01A6A900914B5A /* XCRemoteSwiftPackageReference "SwiftChameleon" */ = {
			isa = XCRemoteSwiftPackageReference;
			repositoryURL = "https://github.com/simon-zwicker/SwiftChameleon";
			requirement = {
				branch = main;
				kind = branch;
			};
		};
		FC73EB472D01E0EF00A5D982 /* XCRemoteSwiftPackageReference "keychain-swift" */ = {
			isa = XCRemoteSwiftPackageReference;
			repositoryURL = "https://github.com/evgenyneu/keychain-swift";
			requirement = {
				kind = upToNextMajorVersion;
				minimumVersion = 24.0.0;
			};
		};
		FC9AA2AE2CFE5E5A007D770B /* XCRemoteSwiftPackageReference "Routing" */ = {
			isa = XCRemoteSwiftPackageReference;
			repositoryURL = "https://github.com/JamesSedlacek/Routing";
			requirement = {
				branch = main;
				kind = branch;
			};
		};
/* End XCRemoteSwiftPackageReference section */

/* Begin XCSwiftPackageProductDependency section */
		A6C49A0C2D01E49A00C2C5DB /* Mammut */ = {
			isa = XCSwiftPackageProductDependency;
			package = A6C49A0B2D01E49A00C2C5DB /* XCRemoteSwiftPackageReference "Mammut" */;
			productName = Mammut;
		};
		A6C49A0E2D01E4A100C2C5DB /* Mammut */ = {
			isa = XCSwiftPackageProductDependency;
			package = A6C49A0B2D01E49A00C2C5DB /* XCRemoteSwiftPackageReference "Mammut" */;
			productName = Mammut;
		};
		FC0B67772D01A6A900914B5A /* SwiftChameleon */ = {
			isa = XCSwiftPackageProductDependency;
			package = FC0B67762D01A6A900914B5A /* XCRemoteSwiftPackageReference "SwiftChameleon" */;
			productName = SwiftChameleon;
		};
		FC73EB482D01E0EF00A5D982 /* KeychainSwift */ = {
			isa = XCSwiftPackageProductDependency;
			package = FC73EB472D01E0EF00A5D982 /* XCRemoteSwiftPackageReference "keychain-swift" */;
			productName = KeychainSwift;
		};
		FC9AA2AF2CFE5E5A007D770B /* Routing */ = {
			isa = XCSwiftPackageProductDependency;
			package = FC9AA2AE2CFE5E5A007D770B /* XCRemoteSwiftPackageReference "Routing" */;
			productName = Routing;
		};
/* End XCSwiftPackageProductDependency section */
	};
	rootObject = FC54DADE2CFDDF0B00024A46 /* Project object */;
}
