{
  "originHash" : "3c71549819e7802eef2e1dd4d477f797c6d6cfbd325b66de7e85c354b25affed",
  "pins" : [
    {
      "identity" : "routing",
      "kind" : "remoteSourceControl",
      "location" : "https://github.com/JamesSedlacek/Routing",
      "state" : {
        "branch" : "main",
        "revision" : "84e3729c7771ba631cd4966cab3fd88054fc5f53"
      }
    },
    {
      "identity" : "swiftchameleon",
      "kind" : "remoteSourceControl",
      "location" : "https://github.com/simon-zwicker/SwiftChameleon.git",
      "state" : {
        "revision" : "0a19945398890fe44ce78e4aca3ab0a714756aa9",
        "version" : "0.1.0"
      }
    }
  ],
  "version" : 3
}
